// !$*UTF8*$!
{
	archiveVersion = 1;
	classes = {
	};
	objectVersion = 46;
	objects = {

/* Begin PBXBuildFile section */
		9642B5901C749FCF009256BE /* AppDelegate.swift in Sources */ = {isa = PBXBuildFile; fileRef = 9642B58F1C749FCF009256BE /* AppDelegate.swift */; };
		9642B5921C749FCF009256BE /* Assets.xcassets in Resources */ = {isa = PBXBuildFile; fileRef = 9642B5911C749FCF009256BE /* Assets.xcassets */; };
		9642B5951C749FCF009256BE /* MainMenu.xib in Resources */ = {isa = PBXBuildFile; fileRef = 9642B5931C749FCF009256BE /* MainMenu.xib */; };
		9642B59E1C74ABE8009256BE /* QuotesViewController.swift in Sources */ = {isa = PBXBuildFile; fileRef = 9642B59C1C74ABE8009256BE /* QuotesViewController.swift */; };
		9642B59F1C74ABE8009256BE /* QuotesViewController.xib in Resources */ = {isa = PBXBuildFile; fileRef = 9642B59D1C74ABE8009256BE /* QuotesViewController.xib */; };
		9642B5A11C74AF22009256BE /* Quote.swift in Sources */ = {isa = PBXBuildFile; fileRef = 9642B5A01C74AF22009256BE /* Quote.swift */; };
/* End PBXBuildFile section */

/* Begin PBXFileReference section */
		9642B58C1C749FCF009256BE /* Quotes.app */ = {isa = PBXFileReference; explicitFileType = wrapper.application; includeInIndex = 0; path = Quotes.app; sourceTree = BUILT_PRODUCTS_DIR; };
		9642B58F1C749FCF009256BE /* AppDelegate.swift */ = {isa = PBXFileReference; lastKnownFileType = sourcecode.swift; path = AppDelegate.swift; sourceTree = "<group>"; };
		9642B5911C749FCF009256BE /* Assets.xcassets */ = {isa = PBXFileReference; lastKnownFileType = folder.assetcatalog; path = Assets.xcassets; sourceTree = "<group>"; };
		9642B5941C749FCF009256BE /* Base */ = {isa = PBXFileReference; lastKnownFileType = file.xib; name = Base; path = Base.lproj/MainMenu.xib; sourceTree = "<group>"; };
		9642B5961C749FCF009256BE /* Info.plist */ = {isa = PBXFileReference; lastKnownFileType = text.plist.xml; path = Info.plist; sourceTree = "<group>"; };
		9642B59C1C74ABE8009256BE /* QuotesViewController.swift */ = {isa = PBXFileReference; fileEncoding = 4; lastKnownFileType = sourcecode.swift; path = QuotesViewController.swift; sourceTree = "<group>"; };
		9642B59D1C74ABE8009256BE /* QuotesViewController.xib */ = {isa = PBXFileReference; fileEncoding = 4; lastKnownFileType = file.xib; path = QuotesViewController.xib; sourceTree = "<group>"; };
		9642B5A01C74AF22009256BE /* Quote.swift */ = {isa = PBXFileReference; fileEncoding = 4; lastKnownFileType = sourcecode.swift; path = Quote.swift; sourceTree = "<group>"; };
/* End PBXFileReference section */

/* Begin PBXFrameworksBuildPhase section */
		9642B5891C749FCF009256BE /* Frameworks */ = {
			isa = PBXFrameworksBuildPhase;
			buildActionMask = 2147483647;
			files = (
			);
			runOnlyForDeploymentPostprocessing = 0;
		};
/* End PBXFrameworksBuildPhase section */

/* Begin PBXGroup section */
		9642B5831C749FCF009256BE = {
			isa = PBXGroup;
			children = (
				9642B58E1C749FCF009256BE /* Quotes */,
				9642B58D1C749FCF009256BE /* Products */,
			);
			sourceTree = "<group>";
		};
		9642B58D1C749FCF009256BE /* Products */ = {
			isa = PBXGroup;
			children = (
				9642B58C1C749FCF009256BE /* Quotes.app */,
			);
			name = Products;
			sourceTree = "<group>";
		};
		9642B58E1C749FCF009256BE /* Quotes */ = {
			isa = PBXGroup;
			children = (
				9642B58F1C749FCF009256BE /* AppDelegate.swift */,
				9642B59C1C74ABE8009256BE /* QuotesViewController.swift */,
				9642B5A01C74AF22009256BE /* Quote.swift */,
				9642B59D1C74ABE8009256BE /* QuotesViewController.xib */,
				9642B5911C749FCF009256BE /* Assets.xcassets */,
				9642B5931C749FCF009256BE /* MainMenu.xib */,
				9642B5961C749FCF009256BE /* Info.plist */,
			);
			path = Quotes;
			sourceTree = "<group>";
		};
/* End PBXGroup section */

/* Begin PBXNativeTarget section */
		9642B58B1C749FCF009256BE /* Quotes */ = {
			isa = PBXNativeTarget;
			buildConfigurationList = 9642B5991C749FCF009256BE /* Build configuration list for PBXNativeTarget "Quotes" */;
			buildPhases = (
				9642B5881C749FCF009256BE /* Sources */,
				9642B5891C749FCF009256BE /* Frameworks */,
				9642B58A1C749FCF009256BE /* Resources */,
			);
			buildRules = (
			);
			dependencies = (
			);
			name = Quotes;
			productName = Quotes;
			productReference = 9642B58C1C749FCF009256BE /* Quotes.app */;
			productType = "com.apple.product-type.application";
		};
/* End PBXNativeTarget section */

/* Begin PBXProject section */
		9642B5841C749FCF009256BE /* Project object */ = {
			isa = PBXProject;
			attributes = {
				LastSwiftUpdateCheck = 0720;
				LastUpgradeCheck = 0720;
				ORGANIZATIONNAME = AkilDev;
				TargetAttributes = {
					9642B58B1C749FCF009256BE = {
						CreatedOnToolsVersion = 7.2.1;
					};
				};
			};
			buildConfigurationList = 9642B5871C749FCF009256BE /* Build configuration list for PBXProject "Quotes" */;
			compatibilityVersion = "Xcode 3.2";
			developmentRegion = English;
			hasScannedForEncodings = 0;
			knownRegions = (
				en,
				Base,
			);
			mainGroup = 9642B5831C749FCF009256BE;
			productRefGroup = 9642B58D1C749FCF009256BE /* Products */;
			projectDirPath = "";
			projectRoot = "";
			targets = (
				9642B58B1C749FCF009256BE /* Quotes */,
			);
		};
/* End PBXProject section */

/* Begin PBXResourcesBuildPhase section */
		9642B58A1C749FCF009256BE /* Resources */ = {
			isa = PBXResourcesBuildPhase;
			buildActionMask = 2147483647;
			files = (
				9642B59F1C74ABE8009256BE /* QuotesViewController.xib in Resources */,
				9642B5921C749FCF009256BE /* Assets.xcassets in Resources */,
				9642B5951C749FCF009256BE /* MainMenu.xib in Resources */,
			);
			runOnlyForDeploymentPostprocessing = 0;
		};
/* End PBXResourcesBuildPhase section */

/* Begin PBXSourcesBuildPhase section */
		9642B5881C749FCF009256BE /* Sources */ = {
			isa = PBXSourcesBuildPhase;
			buildActionMask = 2147483647;
			files = (
				9642B5901C749FCF009256BE /* AppDelegate.swift in Sources */,
				9642B5A11C74AF22009256BE /* Quote.swift in Sources */,
				9642B59E1C74ABE8009256BE /* QuotesViewController.swift in Sources */,
			);
			runOnlyForDeploymentPostprocessing = 0;
		};
/* End PBXSourcesBuildPhase section */

/* Begin PBXVariantGroup section */
		9642B5931C749FCF009256BE /* MainMenu.xib */ = {
			isa = PBXVariantGroup;
			children = (
				9642B5941C749FCF009256BE /* Base */,
			);
			name = MainMenu.xib;
			sourceTree = "<group>";
		};
/* End PBXVariantGroup section */

/* Begin XCBuildConfiguration section */
		9642B5971C749FCF009256BE /* Debug */ = {
			isa = XCBuildConfiguration;
			buildSettings = {
				ALWAYS_SEARCH_USER_PATHS = NO;
				CLANG_CXX_LANGUAGE_STANDARD = "gnu++0x";
				CLANG_CXX_LIBRARY = "libc++";
				CLANG_ENABLE_MODULES = YES;
				CLANG_ENABLE_OBJC_ARC = YES;
				CLANG_WARN_BOOL_CONVERSION = YES;
				CLANG_WARN_CONSTANT_CONVERSION = YES;
				CLANG_WARN_DIRECT_OBJC_ISA_USAGE = YES_ERROR;
				CLANG_WARN_EMPTY_BODY = YES;
				CLANG_WARN_ENUM_CONVERSION = YES;
				CLANG_WARN_INT_CONVERSION = YES;
				CLANG_WARN_OBJC_ROOT_CLASS = YES_ERROR;
				CLANG_WARN_UNREACHABLE_CODE = YES;
				CLANG_WARN__DUPLICATE_METHOD_MATCH = YES;
				CODE_SIGN_IDENTITY = "-";
				COPY_PHASE_STRIP = NO;
				DEBUG_INFORMATION_FORMAT = dwarf;
				ENABLE_STRICT_OBJC_MSGSEND = YES;
				ENABLE_TESTABILITY = YES;
				GCC_C_LANGUAGE_STANDARD = gnu99;
				GCC_DYNAMIC_NO_PIC = NO;
				GCC_NO_COMMON_BLOCKS = YES;
				GCC_OPTIMIZATION_LEVEL = 0;
				GCC_PREPROCESSOR_DEFINITIONS = (
					"DEBUG=1",
					"$(inherited)",
				);
				GCC_WARN_64_TO_32_BIT_CONVERSION = YES;
				GCC_WARN_ABOUT_RETURN_TYPE = YES_ERROR;
				GCC_WARN_UNDECLARED_SELECTOR = YES;
				GCC_WARN_UNINITIALIZED_AUTOS = YES_AGGRESSIVE;
				GCC_WARN_UNUSED_FUNCTION = YES;
				GCC_WARN_UNUSED_VARIABLE = YES;
				MACOSX_DEPLOYMENT_TARGET = 10.11;
				MTL_ENABLE_DEBUG_INFO = YES;
				ONLY_ACTIVE_ARCH = YES;
				SDKROOT = macosx;
				SWIFT_OPTIMIZATION_LEVEL = "-Onone";
			};
			name = Debug;
		};
		9642B5981C749FCF009256BE /* Release */ = {
			isa = XCBuildConfiguration;
			buildSettings = {
				ALWAYS_SEARCH_USER_PATHS = NO;
				CLANG_CXX_LANGUAGE_STANDARD = "gnu++0x";
				CLANG_CXX_LIBRARY = "libc++";
				CLANG_ENABLE_MODULES = YES;
				CLANG_ENABLE_OBJC_ARC = YES;
				CLANG_WARN_BOOL_CONVERSION = YES;
				CLANG_WARN_CONSTANT_CONVERSION = YES;
				CLANG_WARN_DIRECT_OBJC_ISA_USAGE = YES_ERROR;
				CLANG_WARN_EMPTY_BODY = YES;
				CLANG_WARN_ENUM_CONVERSION = YES;
				CLANG_WARN_INT_CONVERSION = YES;
				CLANG_WARN_OBJC_ROOT_CLASS = YES_ERROR;
				CLANG_WARN_UNREACHABLE_CODE = YES;
				CLANG_WARN__DUPLICATE_METHOD_MATCH = YES;
				CODE_SIGN_IDENTITY = "-";
				COPY_PHASE_STRIP = NO;
				DEBUG_INFORMATION_FORMAT = "dwarf-with-dsym";
				ENABLE_NS_ASSERTIONS = NO;
				ENABLE_STRICT_OBJC_MSGSEND = YES;
				GCC_C_LANGUAGE_STANDARD = gnu99;
				GCC_NO_COMMON_BLOCKS = YES;
				GCC_WARN_64_TO_32_BIT_CONVERSION = YES;
				GCC_WARN_ABOUT_RETURN_TYPE = YES_ERROR;
				GCC_WARN_UNDECLARED_SELECTOR = YES;
				GCC_WARN_UNINITIALIZED_AUTOS = YES_AGGRESSIVE;
				GCC_WARN_UNUSED_FUNCTION = YES;
				GCC_WARN_UNUSED_VARIABLE = YES;
				MACOSX_DEPLOYMENT_TARGET = 10.11;
				MTL_ENABLE_DEBUG_INFO = NO;
				SDKROOT = macosx;
			};
			name = Release;
		};
		9642B59A1C749FCF009256BE /* Debug */ = {
			isa = XCBuildConfiguration;
			buildSettings = {
				ASSETCATALOG_COMPILER_APPICON_NAME = AppIcon;
				COMBINE_HIDPI_IMAGES = YES;
				INFOPLIST_FILE = Quotes/Info.plist;
				LD_RUNPATH_SEARCH_PATHS = "$(inherited) @executable_path/../Frameworks";
				PRODUCT_BUNDLE_IDENTIFIER = com.akildev.Quotes;
				PRODUCT_NAME = "$(TARGET_NAME)";
			};
			name = Debug;
		};
		9642B59B1C749FCF009256BE /* Release */ = {
			isa = XCBuildConfiguration;
			buildSettings = {
				ASSETCATALOG_COMPILER_APPICON_NAME = AppIcon;
				COMBINE_HIDPI_IMAGES = YES;
				INFOPLIST_FILE = Quotes/Info.plist;
				LD_RUNPATH_SEARCH_PATHS = "$(inherited) @executable_path/../Frameworks";
				PRODUCT_BUNDLE_IDENTIFIER = com.akildev.Quotes;
				PRODUCT_NAME = "$(TARGET_NAME)";
			};
			name = Release;
		};
/* End XCBuildConfiguration section */

/* Begin XCConfigurationList section */
		9642B5871C749FCF009256BE /* Build configuration list for PBXProject "Quotes" */ = {
			isa = XCConfigurationList;
			buildConfigurations = (
				9642B5971C749FCF009256BE /* Debug */,
				9642B5981C749FCF009256BE /* Release */,
			);
			defaultConfigurationIsVisible = 0;
			defaultConfigurationName = Release;
		};
		9642B5991C749FCF009256BE /* Build configuration list for PBXNativeTarget "Quotes" */ = {
			isa = XCConfigurationList;
			buildConfigurations = (
				9642B59A1C749FCF009256BE /* Debug */,
				9642B59B1C749FCF009256BE /* Release */,
			);
			defaultConfigurationIsVisible = 0;
			defaultConfigurationName = Release;
		};
/* End XCConfigurationList section */
	};
	rootObject = 9642B5841C749FCF009256BE /* Project object */;
}
